{
    "_meta": {
        "hash": {
            "sha256": "96a1af86eb3e341554778455da91b90d1c1208b074db87844bdf386597345f68"
        },
        "pipfile-spec": 6,
        "requires": {
            "python_version": "3.11"
        },
        "sources": [
            {
                "name": "pypi",
                "url": "https://pypi.org/simple",
                "verify_ssl": true
            }
        ]
    },
    "default": {
        "blinker": {
            "hashes": [
                "sha256:b4ce2265a7abece45e7cc896e98dbebe6cead56bcf805a3d23136d145f5445bf",
                "sha256:ba0efaa9080b619ff2f3459d1d500c57bddea4a6b424b60a91141db6fd2f08bc"
            ],
            "markers": "python_version >= '3.9'",
            "version": "==1.9.0"
        },
        "click": {
            "hashes": [
                "sha256:63c132bbbed01578a06712a2d1f497bb62d9c1c0d329b7903a866228027263b2",
                "sha256:ed53c9d8990d83c2a27deae68e4ee337473f6330c040a31d4225c9574d16096a"
            ],
            "markers": "python_version >= '3.7'",
            "version": "==8.1.8"
        },
        "dependency-injector": {
            "hashes": [
                "sha256:06bf830625e647cb84ace9662b205b48be394bfab725c3be871a1aa7a20755f6",
                "sha256:144dfae8da58ecd326dbe7fa63dab014ddf07af13b5ab6c0084881373852ecde",
                "sha256:16c17b17d1974a288b16f0d9b4eda7fae892dc2823ff1d95a93207723b681b9a",
                "sha256:2144948b5218f480ca94c11e848762aa305539ec67406ccecfbcb556d06a61dd",
                "sha256:21cfd5d2f26cca02bd897069b4460be1cbac1b07875a33885a84f9aa165cead5",
                "sha256:229ae0f01d5bc04666256737b958b426452214a1ef1082bbc0114a53b8ea21e3",
                "sha256:2683b1d9588c1af34e5a15f334a5e2d3c7e546bdc5c3226c85e8b6243d60c72b",
                "sha256:2b18413b2f965793f8e401996a6cc01e0aa0336568805fc822285cdc72cfb7d9",
                "sha256:2bfca5875aedb5a0995a4b2e5a928aef5791a58f4280d0c3003cb0720385f546",
                "sha256:2e6861b14a52b8ab0956bde2379aad43a5f05ddc8dbfb0233c6c4f71bc029481",
                "sha256:3018a9882364210b55644d7fe4044f3970f1ead30603859b15baf1fd1efe53f7",
                "sha256:326109be456ffa80698e27fe7f32411bb120c4fb2f65059abff2616910a261d3",
                "sha256:3472714fa547f5df4de1e1f4d1aa854214aad9e53d3bd75bd0d4d1eddc9df3b3",
                "sha256:3a1cfd84779e718974b8d40eefc2d664ba69c142ca676ed97f487de05e733e9e",
                "sha256:3c76c944e4732d72787f99b18dd5b3bcb012427efe8373d8b895f9774880f0cc",
                "sha256:3df40ff15bd31058b24cd79781b1dc2f31e0c157ee2067566dfd7a92191969e9",
                "sha256:403f44e2073986138dd95f4a8ac864453524b18385c44b838cba8a2f7f742f2e",
                "sha256:433883ccdfa353e6c8c2e20ba6eb08f77149a7e15f816f05be65bb791b86e5fe",
                "sha256:445c3b35c3c8c029e313f46ae8087a1d6edad8aa74d7f470125bfc22d8ab4831",
                "sha256:480db147baf30b4ee1d38705992694b23ba3c9554d6b2f039a5f13c6f10366d5",
                "sha256:4a77e1815efe7e685a5fe44201f725669010f1d2f6b3034261230dc2cb036371",
                "sha256:4b03382b9423f008bf307d4dee7e56ea1e070fc0e23481e4e327b01b9b463a9d",
                "sha256:4b4a1618eff7dba76f155eb0754ad5c3910b1cb300c34c5d667f50cb30c19117",
                "sha256:4cec41b8dd678555ea025ad320e6354cad92b18b6433f8cd0b423b02989668c3",
                "sha256:4f556713c34335afaec011e3e436668686af90605992415be60aea1d625bf91b",
                "sha256:52015c82f0dd2940e7d1902b287d808265d20f4d2c9713543a7aa29986893571",
                "sha256:5510a68445741fce2af071fd7fda177c4249f2b576d2b2b2b5af23083e4208e8",
                "sha256:580a1c5cc96d88531509b4af285a602b3fa322f06cf684c99bb5506eb2d12cf2",
                "sha256:5eb99c2ea049ac1065a0b4cf06166f70fac697049ddd342b88cb6a264f106faf",
                "sha256:60034184b6dedf7d0486c565eb846a56ccc6fdb25511f1bedf0fbbb7dab23239",
                "sha256:60de7a0a8bd105b2e11121f81a3e5ec67fce34d2470eb7af2546bca2df76b101",
                "sha256:6a013c93a870a3a1ce9829dd272bd02b194ea286df48dfb9d059cf34526738b8",
                "sha256:6f44c0fca126682804f6428038bf03a2f992f6b694a0cc8515bc58cc10534bd7",
                "sha256:713645e6c5e79e7a4a574c6274acf203bf93e34d0fb1d38cf63a7f7b3142ab00",
                "sha256:73d52ba9efdbb6a1c0ba49d9c68be9cedb0abfa0e6fbdfb942371c642cb30541",
                "sha256:75d0f8c748efe5e1f8a0970742483b38687bfe460496a4b7e344440798d0fa99",
                "sha256:7afd6825f926c3506ea85ab5dab7460bf9fd06bbaeee164faa205b0eb0db1efe",
                "sha256:7ec03cd54b79b5fc8df46ae821392358a24dc371bda01a2a68917ab0e559a96b",
                "sha256:7effdb9e45f5c2813e2fd9dc2ef2c446dd59716f66f9c772ab27b9ed16efc894",
                "sha256:82a0c665ee9bbb9434497a9b97bbb2018a9c427c0d014bff77dda2e0586c9020",
                "sha256:83476347e7d3e4b63a3ba4617b87b5b4259b5da7826b7cf1b6c6035c21c8c77d",
                "sha256:892c40f800e19732e9a10d595237bfbe09637e07a98b55c8b0526ac7f8f7400b",
                "sha256:8b2bbc02553633b5b3328c209b1908c2ae8250fdb3dd0536e9021a43a9d6399c",
                "sha256:8d351a5f36bc04838c4884acbc5f57315e51437a19f2a03d225a3af9bac1f60c",
                "sha256:9396c71f25744fd0ded9b171fee05ea3ca13a87c12512ddd8b7e4330f70647eb",
                "sha256:97dc40a527e488df23e9fb5b33a85f9176b730449ad2e498d6cc556dcad540ae",
                "sha256:9a76ab1e114402f284c71039391826d9e43083169d88568ede109ff4fc85de1e",
                "sha256:9b0cb3cdb0523f75bc8bf3e07406670fc8f79a295e8309c2c638a485f3ae9ee0",
                "sha256:9b70cb03d38f89aba3ba9ba7494952b1e68e018b9a52857590aa74c1f984798b",
                "sha256:9d785dacb136479b0536e8b05f83a7375f09404d63eabd1be9b694eca6defea4",
                "sha256:9ebcefa9218941337466cf0985bdcd5d38cf84ab1d3a4d7a3cc91845e38c0d1e",
                "sha256:aad4e274ec08e359dcf8cf391e08b399b9be67cc5d3c41e2d7b61a8967bb7a29",
                "sha256:acda1553bfc47aefc12afdc88418d480c8fc50914c2d36392e0412cdbb267318",
                "sha256:bc2749ed42a7bcb1e62f2ff63a1b931da63f116e50ccdabaf32871d24489999c",
                "sha256:bd3fff67247e3120970b6761a80508cd5852729c4517479ebbbf5c3690fab191",
                "sha256:beabb619969c1c87085bcb228b10e2f8751bf7cca66d77dac99c85c3b7a29847",
                "sha256:c12c44c8c5a168059cff22a0e9a9f7f3ff089b0b38114d037ca1ead48ead178d",
                "sha256:c2a38cf7826ff253d30958c35bc1e121af292f0f12fb5ffd1ad3ea5377b63e3b",
                "sha256:c6ae2f448cdcd1fe6ce4e9869e20166df10e334b3328d6a8aff35c0837180d9e",
                "sha256:cebd7fa8a9bbfed3af38c6f98763caadf0b3c63ade142c3eefb41788247cb5d7",
                "sha256:cedd4f87795b9a9712bf2b6786f0d37e8848418a6b4a59cb185fd1c3866dd888",
                "sha256:cf13a5ce71200568b5bed4fa8898291296115c43b91062d2154f69016ef0d4c2",
                "sha256:d086df3696331908d97b74ce4bbb8f8f86ce231cc3bde7a080c3f535944e1966",
                "sha256:d1cd1034fdc8c4c9daeafdab146570260d5c8fe70fa87a2d428621fc5a07ea8c",
                "sha256:d2bdf7c6e4f7a74dedf4f0aea774eec4c3d6f4f909d411c769c9cd1346243518",
                "sha256:d35c638544a929bfaf150e280b582bd776e3929b9ffdffa4c7a9ee9dff9f448e",
                "sha256:d3b777c80d92eea5c581658bb9e7e1292efb770cfc464bcb47605aa39d3c45fe",
                "sha256:d98a490f8a2decf40ca2aa69d0559d01dd96131422fa2086626fd5949837335a",
                "sha256:dae95379e1a55cccef583d717f2a18481001fe9519162e480d1e2c3e429c246a",
                "sha256:db61b15cfa7fc679b22abb216bbef7888cc332a3f1f0279d6a621cf899661a80",
                "sha256:dcba70e44a3d6436196f1ffebad0b02f0a72a7c8014d85617f21bd8535434bf4",
                "sha256:e1641f25faf543df14b2395a3cea51bd0610bc7b2c1cb6ed1c13ec4bec0063e2",
                "sha256:e2f10a6410bbc8c58c04e26f8b48db4df511491d5bbb55c59992fcc8645fb5e5",
                "sha256:ed3e60296b3b9d29c3eb57cb44a82d7627da1a7eac68ac97fbf9bbd9e2a5cb99",
                "sha256:ee0e2b1dbda5f19f2751d78a8662f2094fa315e4da054e83093ffb64ccf6b8dd",
                "sha256:f018f634edf57d4b4214e007eaa2432d2410f304b170f5684bd3fdbffd244b1f",
                "sha256:f2cd876d9726db63df33ecbfb097a06de0306ddae5861c6ba71363606184428e",
                "sha256:f349e3ceb1913eba37489cab82831e9d46d9008e59c6560cfefe0c57dc1168b0",
                "sha256:f35baac99140143aed5f7dbf098c523fc534884063ccacc3f51aaccbacc7f9f3",
                "sha256:f4207434037f31f98c36f39519d217aa3683dbb12ec2a3a69f1490441935c5f2",
                "sha256:f4aefc511be8ba97d823a71fb52a3b0ccaa7f9387cb51444862ebcb919822cae",
                "sha256:fd1afbbf03ed97007f6d4cb11944776e79207d9d7634ba5c4f897f4802b382ae"
            ],
            "index": "pypi",
            "markers": "python_version >= '3.7'",
            "version": "==4.45.0"
        },
        "f90nml": {
            "hashes": [
                "sha256:58d91eb0f9a424a48fe5df868cbb33c86800f1026d6e7f3c0f663c930dddc644",
                "sha256:65e8e135779895245238cbf6be5b1b80d6c2b8c9350c9cdce6183a31bdfd7622"
            ],
            "index": "pypi",
            "version": "==1.4.4"
        },
        "flask": {
            "hashes": [
                "sha256:5f873c5184c897c8d9d1b05df1e3d01b14910ce69607a117bd3277098a5836ac",
                "sha256:d667207822eb83f1c4b50949b1623c8fc8d51f2341d65f72e1a1815397551136"
            ],
            "index": "pypi",
            "markers": "python_version >= '3.9'",
            "version": "==3.1.0"
        },
        "itsdangerous": {
            "hashes": [
                "sha256:c6242fc49e35958c8b15141343aa660db5fc54d4f13a1db01a3f5891b98700ef",
                "sha256:e0050c0b7da1eea53ffaf149c0cfbb5c6e2e2b69c4bef22c81fa6eb73e5f6173"
            ],
            "markers": "python_version >= '3.8'",
            "version": "==2.2.0"
        },
        "jinja2": {
            "hashes": [
                "sha256:8fefff8dc3034e27bb80d67c671eb8a9bc424c0ef4c0826edbff304cceff43bb",
                "sha256:aba0f4dc9ed8013c424088f68a5c226f7d6097ed89b246d7749c2ec4175c6adb"
            ],
            "markers": "python_version >= '3.7'",
            "version": "==3.1.5"
        },
        "markupsafe": {
            "hashes": [
                "sha256:0bff5e0ae4ef2e1ae4fdf2dfd5b76c75e5c2fa4132d05fc1b0dabcd20c7e28c4",
                "sha256:0f4ca02bea9a23221c0182836703cbf8930c5e9454bacce27e767509fa286a30",
                "sha256:1225beacc926f536dc82e45f8a4d68502949dc67eea90eab715dea3a21c1b5f0",
                "sha256:131a3c7689c85f5ad20f9f6fb1b866f402c445b220c19fe4308c0b147ccd2ad9",
                "sha256:15ab75ef81add55874e7ab7055e9c397312385bd9ced94920f2802310c930396",
                "sha256:1a9d3f5f0901fdec14d8d2f66ef7d035f2157240a433441719ac9a3fba440b13",
                "sha256:1c99d261bd2d5f6b59325c92c73df481e05e57f19837bdca8413b9eac4bd8028",
                "sha256:1e084f686b92e5b83186b07e8a17fc09e38fff551f3602b249881fec658d3eca",
                "sha256:2181e67807fc2fa785d0592dc2d6206c019b9502410671cc905d132a92866557",
                "sha256:2cb8438c3cbb25e220c2ab33bb226559e7afb3baec11c4f218ffa7308603c832",
                "sha256:3169b1eefae027567d1ce6ee7cae382c57fe26e82775f460f0b2778beaad66c0",
                "sha256:3809ede931876f5b2ec92eef964286840ed3540dadf803dd570c3b7e13141a3b",
                "sha256:38a9ef736c01fccdd6600705b09dc574584b89bea478200c5fbf112a6b0d5579",
                "sha256:3d79d162e7be8f996986c064d1c7c817f6df3a77fe3d6859f6f9e7be4b8c213a",
                "sha256:444dcda765c8a838eaae23112db52f1efaf750daddb2d9ca300bcae1039adc5c",
                "sha256:48032821bbdf20f5799ff537c7ac3d1fba0ba032cfc06194faffa8cda8b560ff",
                "sha256:4aa4e5faecf353ed117801a068ebab7b7e09ffb6e1d5e412dc852e0da018126c",
                "sha256:52305740fe773d09cffb16f8ed0427942901f00adedac82ec8b67752f58a1b22",
                "sha256:569511d3b58c8791ab4c2e1285575265991e6d8f8700c7be0e88f86cb0672094",
                "sha256:57cb5a3cf367aeb1d316576250f65edec5bb3be939e9247ae594b4bcbc317dfb",
                "sha256:5b02fb34468b6aaa40dfc198d813a641e3a63b98c2b05a16b9f80b7ec314185e",
                "sha256:6381026f158fdb7c72a168278597a5e3a5222e83ea18f543112b2662a9b699c5",
                "sha256:6af100e168aa82a50e186c82875a5893c5597a0c1ccdb0d8b40240b1f28b969a",
                "sha256:6c89876f41da747c8d3677a2b540fb32ef5715f97b66eeb0c6b66f5e3ef6f59d",
                "sha256:6e296a513ca3d94054c2c881cc913116e90fd030ad1c656b3869762b754f5f8a",
                "sha256:70a87b411535ccad5ef2f1df5136506a10775d267e197e4cf531ced10537bd6b",
                "sha256:7e94c425039cde14257288fd61dcfb01963e658efbc0ff54f5306b06054700f8",
                "sha256:846ade7b71e3536c4e56b386c2a47adf5741d2d8b94ec9dc3e92e5e1ee1e2225",
                "sha256:88416bd1e65dcea10bc7569faacb2c20ce071dd1f87539ca2ab364bf6231393c",
                "sha256:88b49a3b9ff31e19998750c38e030fc7bb937398b1f78cfa599aaef92d693144",
                "sha256:8c4e8c3ce11e1f92f6536ff07154f9d49677ebaaafc32db9db4620bc11ed480f",
                "sha256:8e06879fc22a25ca47312fbe7c8264eb0b662f6db27cb2d3bbbc74b1df4b9b87",
                "sha256:9025b4018f3a1314059769c7bf15441064b2207cb3f065e6ea1e7359cb46db9d",
                "sha256:93335ca3812df2f366e80509ae119189886b0f3c2b81325d39efdb84a1e2ae93",
                "sha256:9778bd8ab0a994ebf6f84c2b949e65736d5575320a17ae8984a77fab08db94cf",
                "sha256:9e2d922824181480953426608b81967de705c3cef4d1af983af849d7bd619158",
                "sha256:a123e330ef0853c6e822384873bef7507557d8e4a082961e1defa947aa59ba84",
                "sha256:a904af0a6162c73e3edcb969eeeb53a63ceeb5d8cf642fade7d39e7963a22ddb",
                "sha256:ad10d3ded218f1039f11a75f8091880239651b52e9bb592ca27de44eed242a48",
                "sha256:b424c77b206d63d500bcb69fa55ed8d0e6a3774056bdc4839fc9298a7edca171",
                "sha256:b5a6b3ada725cea8a5e634536b1b01c30bcdcd7f9c6fff4151548d5bf6b3a36c",
                "sha256:ba8062ed2cf21c07a9e295d5b8a2a5ce678b913b45fdf68c32d95d6c1291e0b6",
                "sha256:ba9527cdd4c926ed0760bc301f6728ef34d841f405abf9d4f959c478421e4efd",
                "sha256:bbcb445fa71794da8f178f0f6d66789a28d7319071af7a496d4d507ed566270d",
                "sha256:bcf3e58998965654fdaff38e58584d8937aa3096ab5354d493c77d1fdd66d7a1",
                "sha256:c0ef13eaeee5b615fb07c9a7dadb38eac06a0608b41570d8ade51c56539e509d",
                "sha256:cabc348d87e913db6ab4aa100f01b08f481097838bdddf7c7a84b7575b7309ca",
                "sha256:cdb82a876c47801bb54a690c5ae105a46b392ac6099881cdfb9f6e95e4014c6a",
                "sha256:cfad01eed2c2e0c01fd0ecd2ef42c492f7f93902e39a42fc9ee1692961443a29",
                "sha256:d16a81a06776313e817c951135cf7340a3e91e8c1ff2fac444cfd75fffa04afe",
                "sha256:d8213e09c917a951de9d09ecee036d5c7d36cb6cb7dbaece4c71a60d79fb9798",
                "sha256:e07c3764494e3776c602c1e78e298937c3315ccc9043ead7e685b7f2b8d47b3c",
                "sha256:e17c96c14e19278594aa4841ec148115f9c7615a47382ecb6b82bd8fea3ab0c8",
                "sha256:e444a31f8db13eb18ada366ab3cf45fd4b31e4db1236a4448f68778c1d1a5a2f",
                "sha256:e6a2a455bd412959b57a172ce6328d2dd1f01cb2135efda2e4576e8a23fa3b0f",
                "sha256:eaa0a10b7f72326f1372a713e73c3f739b524b3af41feb43e4921cb529f5929a",
                "sha256:eb7972a85c54febfb25b5c4b4f3af4dcc731994c7da0d8a0b4a6eb0640e1d178",
                "sha256:ee55d3edf80167e48ea11a923c7386f4669df67d7994554387f84e7d8b0a2bf0",
                "sha256:f3818cb119498c0678015754eba762e0d61e5b52d34c8b13d770f0719f7b1d79",
                "sha256:f8b3d067f2e40fe93e1ccdd6b2e1d16c43140e76f02fb1319a05cf2b79d99430",
                "sha256:fcabf5ff6eea076f859677f5f0b6b5c1a51e70a376b0579e0eadef8db48c6b50"
            ],
            "markers": "python_version >= '3.9'",
            "version": "==3.0.2"
        },
        "python-dotenv": {
            "hashes": [
                "sha256:e324ee90a023d808f1959c46bcbc04446a10ced277783dc6ee09987c37ec10ca",
                "sha256:f7b63ef50f1b690dddf550d03497b66d609393b40b564ed0d674909a68ebf16a"
            ],
            "index": "pypi",
            "markers": "python_version >= '3.8'",
            "version": "==1.0.1"
        },
        "werkzeug": {
            "hashes": [
                "sha256:54b78bf3716d19a65be4fceccc0d1d7b89e608834989dfae50ea87564639213e",
                "sha256:60723ce945c19328679790e3282cc758aa4a6040e4bb330f53d30fa546d44746"
            ],
            "markers": "python_version >= '3.9'",
            "version": "==3.1.3"
        }
    },
    "develop": {
        "bandit": {
            "hashes": [
                "sha256:b1a61d829c0968aed625381e426aa378904b996529d048f8d908fa28f6b13e38",
                "sha256:b5bfe55a095abd9fe20099178a7c6c060f844bfd4fe4c76d28e35e4c52b9d31e"
            ],
            "index": "pypi",
            "markers": "python_version >= '3.9'",
            "version": "==1.8.0"
        },
        "iniconfig": {
            "hashes": [
                "sha256:2d91e135bf72d31a410b17c16da610a82cb55f6b0477d1a902134b24a455b8b3",
                "sha256:b6a85871a79d2e3b22d2d1b94ac2824226a63c6b741c88f7ae975f18b6778374"
            ],
            "markers": "python_version >= '3.7'",
            "version": "==2.0.0"
        },
        "markdown-it-py": {
            "hashes": [
                "sha256:355216845c60bd96232cd8d8c40e8f9765cc86f46880e43a8fd22dc1a1a8cab1",
                "sha256:e3f60a94fa066dc52ec76661e37c851cb232d92f9886b15cb560aaada2df8feb"
            ],
            "markers": "python_version >= '3.8'",
            "version": "==3.0.0"
        },
        "mdurl": {
            "hashes": [
                "sha256:84008a41e51615a49fc9966191ff91509e3c40b939176e643fd50a5c2196b8f8",
                "sha256:bb413d29f5eea38f31dd4754dd7377d4465116fb207585f97bf925588687c1ba"
            ],
            "markers": "python_version >= '3.7'",
            "version": "==0.1.2"
        },
        "packaging": {
            "hashes": [
                "sha256:09abb1bccd265c01f4a3aa3f7a7db064b36514d2cba19a2f694fe6150451a759",
                "sha256:c228a6dc5e932d346bc5739379109d49e8853dd8223571c7c5b55260edc0b97f"
            ],
            "markers": "python_version >= '3.8'",
            "version": "==24.2"
        },
        "pbr": {
            "hashes": [
                "sha256:788183e382e3d1d7707db08978239965e8b9e4e5ed42669bf4758186734d5f24",
                "sha256:a776ae228892d8013649c0aeccbb3d5f99ee15e005a4cbb7e61d55a067b28a2a"
            ],
            "markers": "python_version >= '2.6'",
            "version": "==6.1.0"
        },
        "pluggy": {
            "hashes": [
                "sha256:2cffa88e94fdc978c4c574f15f9e59b7f4201d439195c3715ca9e2486f1d0cf1",
                "sha256:44e1ad92c8ca002de6377e165f3e0f1be63266ab4d554740532335b9d75ea669"
            ],
            "markers": "python_version >= '3.8'",
            "version": "==1.5.0"
        },
        "pygments": {
            "hashes": [
                "sha256:61c16d2a8576dc0649d9f39e089b5f02bcd27fba10d8fb4dcc28173f7a45151f",
                "sha256:9ea1544ad55cecf4b8242fab6dd35a93bbce657034b0611ee383099054ab6d8c"
            ],
            "markers": "python_version >= '3.8'",
            "version": "==2.19.1"
        },
        "pytest": {
            "hashes": [
                "sha256:50e16d954148559c9a74109af1eaf0c945ba2d8f30f0a3d3335edde19788b6f6",
                "sha256:965370d062bce11e73868e0335abac31b4d3de0e82f4007408d242b4f8610761"
            ],
            "index": "pypi",
            "markers": "python_version >= '3.8'",
            "version": "==8.3.4"
        },
        "pyyaml": {
            "hashes": [
                "sha256:01179a4a8559ab5de078078f37e5c1a30d76bb88519906844fd7bdea1b7729ff",
                "sha256:0833f8694549e586547b576dcfaba4a6b55b9e96098b36cdc7ebefe667dfed48",
                "sha256:0a9a2848a5b7feac301353437eb7d5957887edbf81d56e903999a75a3d743086",
                "sha256:0b69e4ce7a131fe56b7e4d770c67429700908fc0752af059838b1cfb41960e4e",
                "sha256:0ffe8360bab4910ef1b9e87fb812d8bc0a308b0d0eef8c8f44e0254ab3b07133",
                "sha256:11d8f3dd2b9c1207dcaf2ee0bbbfd5991f571186ec9cc78427ba5bd32afae4b5",
                "sha256:17e311b6c678207928d649faa7cb0d7b4c26a0ba73d41e99c4fff6b6c3276484",
                "sha256:1e2120ef853f59c7419231f3bf4e7021f1b936f6ebd222406c3b60212205d2ee",
                "sha256:1f71ea527786de97d1a0cc0eacd1defc0985dcf6b3f17bb77dcfc8c34bec4dc5",
                "sha256:23502f431948090f597378482b4812b0caae32c22213aecf3b55325e049a6c68",
                "sha256:24471b829b3bf607e04e88d79542a9d48bb037c2267d7927a874e6c205ca7e9a",
                "sha256:29717114e51c84ddfba879543fb232a6ed60086602313ca38cce623c1d62cfbf",
                "sha256:2e99c6826ffa974fe6e27cdb5ed0021786b03fc98e5ee3c5bfe1fd5015f42b99",
                "sha256:39693e1f8320ae4f43943590b49779ffb98acb81f788220ea932a6b6c51004d8",
                "sha256:3ad2a3decf9aaba3d29c8f537ac4b243e36bef957511b4766cb0057d32b0be85",
                "sha256:3b1fdb9dc17f5a7677423d508ab4f243a726dea51fa5e70992e59a7411c89d19",
                "sha256:41e4e3953a79407c794916fa277a82531dd93aad34e29c2a514c2c0c5fe971cc",
                "sha256:43fa96a3ca0d6b1812e01ced1044a003533c47f6ee8aca31724f78e93ccc089a",
                "sha256:50187695423ffe49e2deacb8cd10510bc361faac997de9efef88badc3bb9e2d1",
                "sha256:5ac9328ec4831237bec75defaf839f7d4564be1e6b25ac710bd1a96321cc8317",
                "sha256:5d225db5a45f21e78dd9358e58a98702a0302f2659a3c6cd320564b75b86f47c",
                "sha256:6395c297d42274772abc367baaa79683958044e5d3835486c16da75d2a694631",
                "sha256:688ba32a1cffef67fd2e9398a2efebaea461578b0923624778664cc1c914db5d",
                "sha256:68ccc6023a3400877818152ad9a1033e3db8625d899c72eacb5a668902e4d652",
                "sha256:70b189594dbe54f75ab3a1acec5f1e3faa7e8cf2f1e08d9b561cb41b845f69d5",
                "sha256:797b4f722ffa07cc8d62053e4cff1486fa6dc094105d13fea7b1de7d8bf71c9e",
                "sha256:7c36280e6fb8385e520936c3cb3b8042851904eba0e58d277dca80a5cfed590b",
                "sha256:7e7401d0de89a9a855c839bc697c079a4af81cf878373abd7dc625847d25cbd8",
                "sha256:80bab7bfc629882493af4aa31a4cfa43a4c57c83813253626916b8c7ada83476",
                "sha256:82d09873e40955485746739bcb8b4586983670466c23382c19cffecbf1fd8706",
                "sha256:8388ee1976c416731879ac16da0aff3f63b286ffdd57cdeb95f3f2e085687563",
                "sha256:8824b5a04a04a047e72eea5cec3bc266db09e35de6bdfe34c9436ac5ee27d237",
                "sha256:8b9c7197f7cb2738065c481a0461e50ad02f18c78cd75775628afb4d7137fb3b",
                "sha256:9056c1ecd25795207ad294bcf39f2db3d845767be0ea6e6a34d856f006006083",
                "sha256:936d68689298c36b53b29f23c6dbb74de12b4ac12ca6cfe0e047bedceea56180",
                "sha256:9b22676e8097e9e22e36d6b7bda33190d0d400f345f23d4065d48f4ca7ae0425",
                "sha256:a4d3091415f010369ae4ed1fc6b79def9416358877534caf6a0fdd2146c87a3e",
                "sha256:a8786accb172bd8afb8be14490a16625cbc387036876ab6ba70912730faf8e1f",
                "sha256:a9f8c2e67970f13b16084e04f134610fd1d374bf477b17ec1599185cf611d725",
                "sha256:bc2fa7c6b47d6bc618dd7fb02ef6fdedb1090ec036abab80d4681424b84c1183",
                "sha256:c70c95198c015b85feafc136515252a261a84561b7b1d51e3384e0655ddf25ab",
                "sha256:cc1c1159b3d456576af7a3e4d1ba7e6924cb39de8f67111c735f6fc832082774",
                "sha256:ce826d6ef20b1bc864f0a68340c8b3287705cae2f8b4b1d932177dcc76721725",
                "sha256:d584d9ec91ad65861cc08d42e834324ef890a082e591037abe114850ff7bbc3e",
                "sha256:d7fded462629cfa4b685c5416b949ebad6cec74af5e2d42905d41e257e0869f5",
                "sha256:d84a1718ee396f54f3a086ea0a66d8e552b2ab2017ef8b420e92edbc841c352d",
                "sha256:d8e03406cac8513435335dbab54c0d385e4a49e4945d2909a581c83647ca0290",
                "sha256:e10ce637b18caea04431ce14fabcf5c64a1c61ec9c56b071a4b7ca131ca52d44",
                "sha256:ec031d5d2feb36d1d1a24380e4db6d43695f3748343d99434e6f5f9156aaa2ed",
                "sha256:ef6107725bd54b262d6dedcc2af448a266975032bc85ef0172c5f059da6325b4",
                "sha256:efdca5630322a10774e8e98e1af481aad470dd62c3170801852d752aa7a783ba",
                "sha256:f753120cb8181e736c57ef7636e83f31b9c0d1722c516f7e86cf15b7aa57ff12",
                "sha256:ff3824dc5261f50c9b0dfb3be22b4567a6f938ccce4587b38952d85fd9e9afe4"
            ],
            "markers": "python_version >= '3.8'",
            "version": "==6.0.2"
        },
        "rich": {
            "hashes": [
                "sha256:439594978a49a09530cff7ebc4b5c7103ef57baf48d5ea3184f21d9a2befa098",
                "sha256:6049d5e6ec054bf2779ab3358186963bac2ea89175919d699e378b99738c2a90"
            ],
            "markers": "python_full_version >= '3.8.0'",
            "version": "==13.9.4"
        },
        "ruff": {
            "hashes": [
                "sha256:186c2313de946f2c22bdf5954b8dd083e124bcfb685732cfb0beae0c47233d9b",
                "sha256:1cd76c7f9c679e6e8f2af8f778367dca82b95009bc7b1a85a47f1521ae524fa7",
                "sha256:2f312c86fb40c5c02b44a29a750ee3b21002bd813b5233facdaf63a51d9a85e1",
                "sha256:342a824b46ddbcdddd3abfbb332fa7fcaac5488bf18073e841236aadf4ad5c19",
                "sha256:39d0174ccc45c439093971cc06ed3ac4dc545f5e8bdacf9f067adf879544d969",
                "sha256:3cae39ba5d137054b0e5b472aee3b78a7c884e61591b100aeb544bcd1fc38d4f",
                "sha256:3f94942a3bb767675d9a051867c036655fe9f6c8a491539156a6f7e6b5f31831",
                "sha256:46ebf5cc106cf7e7378ca3c28ce4293b61b449cd121b98699be727d40b79ba72",
                "sha256:50c647ff96f4ba288db0ad87048257753733763b409b2faf2ea78b45c8bb7fcb",
                "sha256:5dc40a378a0e21b4cfe2b8a0f1812a6572fc7b230ef12cd9fac9161aa91d807f",
                "sha256:69572926c0f0c9912288915214ca9b2809525ea263603370b9e00bed2ba56dbd",
                "sha256:728d791b769cc28c05f12c280f99e8896932e9833fef1dd8756a6af2261fd1ab",
                "sha256:84330dda7abcc270e6055551aca93fdde1b0685fc4fd358f26410f9349cf1743",
                "sha256:937267afce0c9170d6d29f01fcd1f4378172dec6760a9f4dface48cdabf9610a",
                "sha256:ae017c3a29bee341ba584f3823f805abbe5fe9cd97f87ed07ecbf533c4c88366",
                "sha256:beb3298604540c884d8b282fe7625651378e1986c25df51dec5b2f60cafc31ce",
                "sha256:f0c8b149e9c7353cace7d698e1656ffcf1e36e50f8ea3b5d5f7f87ff9986a7ca",
                "sha256:fd2b25ecaf907d6458fa842675382c8597b3c746a2dde6717fe3415425df0c17"
            ],
            "index": "pypi",
            "markers": "python_version >= '3.7'",
            "version": "==0.9.1"
        },
        "stevedore": {
            "hashes": [
                "sha256:79e92235ecb828fe952b6b8b0c6c87863248631922c8e8e0fa5b17b232c4514d",
                "sha256:b0be3c4748b3ea7b854b265dcb4caa891015e442416422be16f8b31756107857"
            ],
            "markers": "python_version >= '3.9'",
            "version": "==5.4.0"
        }
    }
}
